
Microsoft Visual Studio Solution File, Format Version 12.00
# Visual Studio Version 17
VisualStudioVersion = 17.6.33829.357
MinimumVisualStudioVersion = 10.0.40219.1
Project("{9A19103F-16F7-4668-BE54-9A1E7A4F7556}") = "QimiaProject", "QimiaProject\QimiaProject.csproj", "{0A073483-2180-470F-8FF2-F8EFBA9744DA}"
EndProject
Project("{9A19103F-16F7-4668-BE54-9A1E7A4F7556}") = "QimiaProject.DataAccess", "QimiaProject.DataAccess\QimiaProject.DataAccess.csproj", "{52C04302-CA25-402C-87F9-088D5E3E4ABD}"
EndProject
Project("{9A19103F-16F7-4668-BE54-9A1E7A4F7556}") = "QimiaProject.Business", "QimiaProject.Business\QimiaProject.Business.csproj", "{3EA02A62-1E87-4908-A124-45DBDC7C6BD6}"
EndProject
Project("{FAE04EC0-301F-11D3-BF4B-00C04F79EFBC}") = "QimiaProject.Business.UnitTests", "QimiaProject.Business.UnitTests\QimiaProject.Business.UnitTests.csproj", "{DC9AC5D2-4654-4C1D-9F5C-3D3D6F40997D}"
EndProject
Global
	GlobalSection(SolutionConfigurationPlatforms) = preSolution
		Debug|Any CPU = Debug|Any CPU
		Release|Any CPU = Release|Any CPU
	EndGlobalSection
	GlobalSection(ProjectConfigurationPlatforms) = postSolution
		{0A073483-2180-470F-8FF2-F8EFBA9744DA}.Debug|Any CPU.ActiveCfg = Debug|Any CPU
		{0A073483-2180-470F-8FF2-F8EFBA9744DA}.Debug|Any CPU.Build.0 = Debug|Any CPU
		{0A073483-2180-470F-8FF2-F8EFBA9744DA}.Release|Any CPU.ActiveCfg = Release|Any CPU
		{0A073483-2180-470F-8FF2-F8EFBA9744DA}.Release|Any CPU.Build.0 = Release|Any CPU
		{52C04302-CA25-402C-87F9-088D5E3E4ABD}.Debug|Any CPU.ActiveCfg = Debug|Any CPU
		{52C04302-CA25-402C-87F9-088D5E3E4ABD}.Debug|Any CPU.Build.0 = Debug|Any CPU
		{52C04302-CA25-402C-87F9-088D5E3E4ABD}.Release|Any CPU.ActiveCfg = Release|Any CPU
		{52C04302-CA25-402C-87F9-088D5E3E4ABD}.Release|Any CPU.Build.0 = Release|Any CPU
		{3EA02A62-1E87-4908-A124-45DBDC7C6BD6}.Debug|Any CPU.ActiveCfg = Debug|Any CPU
		{3EA02A62-1E87-4908-A124-45DBDC7C6BD6}.Debug|Any CPU.Build.0 = Debug|Any CPU
		{3EA02A62-1E87-4908-A124-45DBDC7C6BD6}.Release|Any CPU.ActiveCfg = Release|Any CPU
		{3EA02A62-1E87-4908-A124-45DBDC7C6BD6}.Release|Any CPU.Build.0 = Release|Any CPU
		{DC9AC5D2-4654-4C1D-9F5C-3D3D6F40997D}.Debug|Any CPU.ActiveCfg = Debug|Any CPU
		{DC9AC5D2-4654-4C1D-9F5C-3D3D6F40997D}.Debug|Any CPU.Build.0 = Debug|Any CPU
		{DC9AC5D2-4654-4C1D-9F5C-3D3D6F40997D}.Release|Any CPU.ActiveCfg = Release|Any CPU
		{DC9AC5D2-4654-4C1D-9F5C-3D3D6F40997D}.Release|Any CPU.Build.0 = Release|Any CPU
	EndGlobalSection
	GlobalSection(SolutionProperties) = preSolution
		HideSolutionNode = FALSE
	EndGlobalSection
	GlobalSection(ExtensibilityGlobals) = postSolution
		SolutionGuid = {AD675D0C-FAE0-4784-B595-92D522FEF516}
	EndGlobalSection
EndGlobal
